
Microsoft Visual Studio Solution File, Format Version 12.00
# Visual Studio Version 17
VisualStudioVersion = 17.3.32901.215
MinimumVisualStudioVersion = 10.0.40219.1
Project("{FAE04EC0-301F-11D3-BF4B-00C04F79EFBC}") = "шарпы1", "шарпы1\шарпы1.csproj", "{03A7E8FC-4DB4-4EE0-9EF3-2ED8D03870D7}"
EndProject
Global
	GlobalSection(SolutionConfigurationPlatforms) = preSolution
		Debug|Any CPU = Debug|Any CPU
		Release|Any CPU = Release|Any CPU
	EndGlobalSection
	GlobalSection(ProjectConfigurationPlatforms) = postSolution
		{03A7E8FC-4DB4-4EE0-9EF3-2ED8D03870D7}.Debug|Any CPU.ActiveCfg = Debug|Any CPU
		{03A7E8FC-4DB4-4EE0-9EF3-2ED8D03870D7}.Debug|Any CPU.Build.0 = Debug|Any CPU
		{03A7E8FC-4DB4-4EE0-9EF3-2ED8D03870D7}.Release|Any CPU.ActiveCfg = Release|Any CPU
		{03A7E8FC-4DB4-4EE0-9EF3-2ED8D03870D7}.Release|Any CPU.Build.0 = Release|Any CPU
	EndGlobalSection
	GlobalSection(SolutionProperties) = preSolution
		HideSolutionNode = FALSE
	EndGlobalSection
	GlobalSection(ExtensibilityGlobals) = postSolution
		SolutionGuid = {FE3390D3-3AD8-45C4-9235-1F0C666D022F}
	EndGlobalSection
EndGlobal
